// !$*UTF8*$!
{
	archiveVersion = 1;
	classes = {
	};
	objectVersion = 55;
	objects = {

/* Begin PBXBuildFile section */
		6204A03A27DE1CDB0063100D /* Constants.swift in Sources */ = {isa = PBXBuildFile; fileRef = 6204A03927DE1CDB0063100D /* Constants.swift */; };
		6204A03D27DE41990063100D /* MainTabBarViewController.swift in Sources */ = {isa = PBXBuildFile; fileRef = 6204A03C27DE41990063100D /* MainTabBarViewController.swift */; };
		6204A03F27DE43350063100D /* ProfileViewController.swift in Sources */ = {isa = PBXBuildFile; fileRef = 6204A03E27DE43350063100D /* ProfileViewController.swift */; };
		6204A04127DE4A500063100D /* ViewUtilities.swift in Sources */ = {isa = PBXBuildFile; fileRef = 6204A04027DE4A500063100D /* ViewUtilities.swift */; };
		62C04A0F27DDE59E002D2497 /* SignUpViewController.swift in Sources */ = {isa = PBXBuildFile; fileRef = 62C04A0E27DDE59E002D2497 /* SignUpViewController.swift */; };
		62C04A1127DDE67F002D2497 /* LoginViewController.swift in Sources */ = {isa = PBXBuildFile; fileRef = 62C04A1027DDE67F002D2497 /* LoginViewController.swift */; };
		62C04A1327DDE838002D2497 /* Utilities.swift in Sources */ = {isa = PBXBuildFile; fileRef = 62C04A1227DDE838002D2497 /* Utilities.swift */; };
		62C04A1527DDEB10002D2497 /* HomeViewController.swift in Sources */ = {isa = PBXBuildFile; fileRef = 62C04A1427DDEB10002D2497 /* HomeViewController.swift */; };
		D33282DE27D4D42700C80986 /* AppDelegate.swift in Sources */ = {isa = PBXBuildFile; fileRef = D33282DD27D4D42700C80986 /* AppDelegate.swift */; };
		D33282E027D4D42700C80986 /* SceneDelegate.swift in Sources */ = {isa = PBXBuildFile; fileRef = D33282DF27D4D42700C80986 /* SceneDelegate.swift */; };
		D33282E227D4D42700C80986 /* SplashViewController.swift in Sources */ = {isa = PBXBuildFile; fileRef = D33282E127D4D42700C80986 /* SplashViewController.swift */; };
		D33282E527D4D42700C80986 /* Main.storyboard in Resources */ = {isa = PBXBuildFile; fileRef = D33282E327D4D42700C80986 /* Main.storyboard */; };
		D33282E827D4D42700C80986 /* LingoClash.xcdatamodeld in Sources */ = {isa = PBXBuildFile; fileRef = D33282E627D4D42700C80986 /* LingoClash.xcdatamodeld */; };
		D33282EA27D4D42E00C80986 /* Assets.xcassets in Resources */ = {isa = PBXBuildFile; fileRef = D33282E927D4D42E00C80986 /* Assets.xcassets */; };
		D33282ED27D4D42E00C80986 /* LaunchScreen.storyboard in Resources */ = {isa = PBXBuildFile; fileRef = D33282EB27D4D42E00C80986 /* LaunchScreen.storyboard */; };
		D33282F927D4E63B00C80986 /* Theme.swift in Sources */ = {isa = PBXBuildFile; fileRef = D33282F827D4E63B00C80986 /* Theme.swift */; };
		D33282FB27D4E7BF00C80986 /* SF-Pro.ttf in Resources */ = {isa = PBXBuildFile; fileRef = D33282FA27D4E7BE00C80986 /* SF-Pro.ttf */; };
		D398780927DF6AB800B2F4ED /* DataProvider.swift in Sources */ = {isa = PBXBuildFile; fileRef = D398780827DF6AB800B2F4ED /* DataProvider.swift */; };
		D398780B27DF7C1100B2F4ED /* RestProvider.swift in Sources */ = {isa = PBXBuildFile; fileRef = D398780A27DF7C1100B2F4ED /* RestProvider.swift */; };
		D3BD29E527DCE6350061E362 /* LingoClashTests.swift in Sources */ = {isa = PBXBuildFile; fileRef = D3BD29E427DCE6350061E362 /* LingoClashTests.swift */; };
		D3BD2A1127DED82A0061E362 /* LoginViewModel.swift in Sources */ = {isa = PBXBuildFile; fileRef = D3BD2A1027DED82A0061E362 /* LoginViewModel.swift */; };
		D3BD2A1327DED8330061E362 /* SignUpViewModel.swift in Sources */ = {isa = PBXBuildFile; fileRef = D3BD2A1227DED8320061E362 /* SignUpViewModel.swift */; };
		D3BD2A1727DF28B70061E362 /* BookDataManager.swift in Sources */ = {isa = PBXBuildFile; fileRef = D3BD2A1627DF28B70061E362 /* BookDataManager.swift */; };
		D3F00CAB27DFA3E200393ADC /* FetchUtilities.swift in Sources */ = {isa = PBXBuildFile; fileRef = D3F00CAA27DFA3E200393ADC /* FetchUtilities.swift */; };
		D3F00CAD27DFAF6F00393ADC /* Promise+Extensions.swift in Sources */ = {isa = PBXBuildFile; fileRef = D3F00CAC27DFAF6F00393ADC /* Promise+Extensions.swift */; };
		D3F00CAF27DFC00200393ADC /* DataProviderTypes.swift in Sources */ = {isa = PBXBuildFile; fileRef = D3F00CAE27DFC00200393ADC /* DataProviderTypes.swift */; };
		D3F00CB127DFC04600393ADC /* FetchResponse.swift in Sources */ = {isa = PBXBuildFile; fileRef = D3F00CB027DFC04600393ADC /* FetchResponse.swift */; };
		D3F00CB327DFC59500393ADC /* Book.swift in Sources */ = {isa = PBXBuildFile; fileRef = D3F00CB227DFC59500393ADC /* Book.swift */; };
		D3F00CB527DFC5DD00393ADC /* BookCategory.swift in Sources */ = {isa = PBXBuildFile; fileRef = D3F00CB427DFC5DD00393ADC /* BookCategory.swift */; };
		D3F00CB827DFD39700393ADC /* Errors.swift in Sources */ = {isa = PBXBuildFile; fileRef = D3F00CB727DFD39700393ADC /* Errors.swift */; };
		D3F94BEB27D63AE000D527F6 /* GoogleService-Info.plist in Resources */ = {isa = PBXBuildFile; fileRef = D3F94BEA27D63AE000D527F6 /* GoogleService-Info.plist */; };
		FFEBAC23A080A7AFD78B3769 /* Pods_LingoClash.framework in Frameworks */ = {isa = PBXBuildFile; fileRef = FE4E0C629956193A4D0D79D8 /* Pods_LingoClash.framework */; };
/* End PBXBuildFile section */

/* Begin PBXContainerItemProxy section */
		D3BD29E627DCE6350061E362 /* PBXContainerItemProxy */ = {
			isa = PBXContainerItemProxy;
			containerPortal = D33282D227D4D42700C80986 /* Project object */;
			proxyType = 1;
			remoteGlobalIDString = D33282D927D4D42700C80986;
			remoteInfo = LingoClash;
		};
/* End PBXContainerItemProxy section */

/* Begin PBXFileReference section */
		40973093C5286CD8CEEF401C /* Pods-LingoClash.release.xcconfig */ = {isa = PBXFileReference; includeInIndex = 1; lastKnownFileType = text.xcconfig; name = "Pods-LingoClash.release.xcconfig"; path = "Target Support Files/Pods-LingoClash/Pods-LingoClash.release.xcconfig"; sourceTree = "<group>"; };
		6204A03927DE1CDB0063100D /* Constants.swift */ = {isa = PBXFileReference; lastKnownFileType = sourcecode.swift; path = Constants.swift; sourceTree = "<group>"; };
		6204A03C27DE41990063100D /* MainTabBarViewController.swift */ = {isa = PBXFileReference; lastKnownFileType = sourcecode.swift; path = MainTabBarViewController.swift; sourceTree = "<group>"; };
		6204A03E27DE43350063100D /* ProfileViewController.swift */ = {isa = PBXFileReference; lastKnownFileType = sourcecode.swift; path = ProfileViewController.swift; sourceTree = "<group>"; };
		6204A04027DE4A500063100D /* ViewUtilities.swift */ = {isa = PBXFileReference; lastKnownFileType = sourcecode.swift; path = ViewUtilities.swift; sourceTree = "<group>"; };
		62C04A0E27DDE59E002D2497 /* SignUpViewController.swift */ = {isa = PBXFileReference; lastKnownFileType = sourcecode.swift; path = SignUpViewController.swift; sourceTree = "<group>"; };
		62C04A1027DDE67F002D2497 /* LoginViewController.swift */ = {isa = PBXFileReference; lastKnownFileType = sourcecode.swift; path = LoginViewController.swift; sourceTree = "<group>"; };
		62C04A1227DDE838002D2497 /* Utilities.swift */ = {isa = PBXFileReference; fileEncoding = 4; lastKnownFileType = sourcecode.swift; path = Utilities.swift; sourceTree = "<group>"; };
		62C04A1427DDEB10002D2497 /* HomeViewController.swift */ = {isa = PBXFileReference; lastKnownFileType = sourcecode.swift; path = HomeViewController.swift; sourceTree = "<group>"; };
		A31D878EA5F06AB7FA1E7CA5 /* Pods-LingoClash.debug.xcconfig */ = {isa = PBXFileReference; includeInIndex = 1; lastKnownFileType = text.xcconfig; name = "Pods-LingoClash.debug.xcconfig"; path = "Target Support Files/Pods-LingoClash/Pods-LingoClash.debug.xcconfig"; sourceTree = "<group>"; };
		D33282DA27D4D42700C80986 /* LingoClash.app */ = {isa = PBXFileReference; explicitFileType = wrapper.application; includeInIndex = 0; path = LingoClash.app; sourceTree = BUILT_PRODUCTS_DIR; };
		D33282DD27D4D42700C80986 /* AppDelegate.swift */ = {isa = PBXFileReference; lastKnownFileType = sourcecode.swift; path = AppDelegate.swift; sourceTree = "<group>"; };
		D33282DF27D4D42700C80986 /* SceneDelegate.swift */ = {isa = PBXFileReference; lastKnownFileType = sourcecode.swift; path = SceneDelegate.swift; sourceTree = "<group>"; };
		D33282E127D4D42700C80986 /* SplashViewController.swift */ = {isa = PBXFileReference; lastKnownFileType = sourcecode.swift; path = SplashViewController.swift; sourceTree = "<group>"; };
		D33282E427D4D42700C80986 /* Base */ = {isa = PBXFileReference; lastKnownFileType = file.storyboard; name = Base; path = Base.lproj/Main.storyboard; sourceTree = "<group>"; };
		D33282E727D4D42700C80986 /* LingoClash.xcdatamodel */ = {isa = PBXFileReference; lastKnownFileType = wrapper.xcdatamodel; path = LingoClash.xcdatamodel; sourceTree = "<group>"; };
		D33282E927D4D42E00C80986 /* Assets.xcassets */ = {isa = PBXFileReference; lastKnownFileType = folder.assetcatalog; path = Assets.xcassets; sourceTree = "<group>"; };
		D33282EC27D4D42E00C80986 /* Base */ = {isa = PBXFileReference; lastKnownFileType = file.storyboard; name = Base; path = Base.lproj/LaunchScreen.storyboard; sourceTree = "<group>"; };
		D33282EE27D4D42E00C80986 /* Info.plist */ = {isa = PBXFileReference; lastKnownFileType = text.plist.xml; path = Info.plist; sourceTree = "<group>"; };
		D33282F827D4E63B00C80986 /* Theme.swift */ = {isa = PBXFileReference; lastKnownFileType = sourcecode.swift; path = Theme.swift; sourceTree = "<group>"; };
		D33282FA27D4E7BE00C80986 /* SF-Pro.ttf */ = {isa = PBXFileReference; lastKnownFileType = file; path = "SF-Pro.ttf"; sourceTree = "<group>"; };
		D398780827DF6AB800B2F4ED /* DataProvider.swift */ = {isa = PBXFileReference; lastKnownFileType = sourcecode.swift; path = DataProvider.swift; sourceTree = "<group>"; };
		D398780A27DF7C1100B2F4ED /* RestProvider.swift */ = {isa = PBXFileReference; lastKnownFileType = sourcecode.swift; path = RestProvider.swift; sourceTree = "<group>"; };
		D3BD29E227DCE6350061E362 /* LingoClashTests.xctest */ = {isa = PBXFileReference; explicitFileType = wrapper.cfbundle; includeInIndex = 0; path = LingoClashTests.xctest; sourceTree = BUILT_PRODUCTS_DIR; };
		D3BD29E427DCE6350061E362 /* LingoClashTests.swift */ = {isa = PBXFileReference; lastKnownFileType = sourcecode.swift; path = LingoClashTests.swift; sourceTree = "<group>"; };
		D3BD2A1027DED82A0061E362 /* LoginViewModel.swift */ = {isa = PBXFileReference; lastKnownFileType = sourcecode.swift; path = LoginViewModel.swift; sourceTree = "<group>"; };
		D3BD2A1227DED8320061E362 /* SignUpViewModel.swift */ = {isa = PBXFileReference; lastKnownFileType = sourcecode.swift; path = SignUpViewModel.swift; sourceTree = "<group>"; };
		D3BD2A1627DF28B70061E362 /* BookDataManager.swift */ = {isa = PBXFileReference; lastKnownFileType = sourcecode.swift; path = BookDataManager.swift; sourceTree = "<group>"; };
		D3F00CAA27DFA3E200393ADC /* FetchUtilities.swift */ = {isa = PBXFileReference; lastKnownFileType = sourcecode.swift; path = FetchUtilities.swift; sourceTree = "<group>"; };
		D3F00CAC27DFAF6F00393ADC /* Promise+Extensions.swift */ = {isa = PBXFileReference; lastKnownFileType = sourcecode.swift; path = "Promise+Extensions.swift"; sourceTree = "<group>"; };
		D3F00CAE27DFC00200393ADC /* DataProviderTypes.swift */ = {isa = PBXFileReference; lastKnownFileType = sourcecode.swift; path = DataProviderTypes.swift; sourceTree = "<group>"; };
		D3F00CB027DFC04600393ADC /* FetchResponse.swift */ = {isa = PBXFileReference; lastKnownFileType = sourcecode.swift; path = FetchResponse.swift; sourceTree = "<group>"; };
		D3F00CB227DFC59500393ADC /* Book.swift */ = {isa = PBXFileReference; lastKnownFileType = sourcecode.swift; path = Book.swift; sourceTree = "<group>"; };
		D3F00CB427DFC5DD00393ADC /* BookCategory.swift */ = {isa = PBXFileReference; lastKnownFileType = sourcecode.swift; path = BookCategory.swift; sourceTree = "<group>"; };
		D3F00CB727DFD39700393ADC /* Errors.swift */ = {isa = PBXFileReference; lastKnownFileType = sourcecode.swift; path = Errors.swift; sourceTree = "<group>"; };
		D3F94BEA27D63AE000D527F6 /* GoogleService-Info.plist */ = {isa = PBXFileReference; fileEncoding = 4; lastKnownFileType = text.plist.xml; path = "GoogleService-Info.plist"; sourceTree = "<group>"; };
		FE4E0C629956193A4D0D79D8 /* Pods_LingoClash.framework */ = {isa = PBXFileReference; explicitFileType = wrapper.framework; includeInIndex = 0; path = Pods_LingoClash.framework; sourceTree = BUILT_PRODUCTS_DIR; };
/* End PBXFileReference section */

/* Begin PBXFrameworksBuildPhase section */
		D33282D727D4D42700C80986 /* Frameworks */ = {
			isa = PBXFrameworksBuildPhase;
			buildActionMask = 2147483647;
			files = (
				FFEBAC23A080A7AFD78B3769 /* Pods_LingoClash.framework in Frameworks */,
			);
			runOnlyForDeploymentPostprocessing = 0;
		};
		D3BD29DF27DCE6350061E362 /* Frameworks */ = {
			isa = PBXFrameworksBuildPhase;
			buildActionMask = 2147483647;
			files = (
			);
			runOnlyForDeploymentPostprocessing = 0;
		};
/* End PBXFrameworksBuildPhase section */

/* Begin PBXGroup section */
		02C5B9E118F2915075D72495 /* Frameworks */ = {
			isa = PBXGroup;
			children = (
				FE4E0C629956193A4D0D79D8 /* Pods_LingoClash.framework */,
			);
			name = Frameworks;
			sourceTree = "<group>";
		};
		6204A03B27DE34040063100D /* Utilities */ = {
			isa = PBXGroup;
			children = (
				62C04A1227DDE838002D2497 /* Utilities.swift */,
				6204A04027DE4A500063100D /* ViewUtilities.swift */,
				D3F00CAA27DFA3E200393ADC /* FetchUtilities.swift */,
				D3F00CB027DFC04600393ADC /* FetchResponse.swift */,
				6204A03927DE1CDB0063100D /* Constants.swift */,
				D3F00CB727DFD39700393ADC /* Errors.swift */,
			);
			path = Utilities;
			sourceTree = "<group>";
		};
		6232E41327DDDF4700107B89 /* ViewControllers */ = {
			isa = PBXGroup;
			children = (
				6204A03E27DE43350063100D /* ProfileViewController.swift */,
				6204A03C27DE41990063100D /* MainTabBarViewController.swift */,
				62C04A1427DDEB10002D2497 /* HomeViewController.swift */,
				D33282E127D4D42700C80986 /* SplashViewController.swift */,
			);
			path = ViewControllers;
			sourceTree = "<group>";
		};
		D33282D127D4D42700C80986 = {
			isa = PBXGroup;
			children = (
				D3F94BEA27D63AE000D527F6 /* GoogleService-Info.plist */,
				D33282DC27D4D42700C80986 /* LingoClash */,
				D3BD29E327DCE6350061E362 /* LingoClashTests */,
				D33282DB27D4D42700C80986 /* Products */,
				FAF94B47CEBBDB83317A7861 /* Pods */,
				02C5B9E118F2915075D72495 /* Frameworks */,
			);
			sourceTree = "<group>";
		};
		D33282DB27D4D42700C80986 /* Products */ = {
			isa = PBXGroup;
			children = (
				D33282DA27D4D42700C80986 /* LingoClash.app */,
				D3BD29E227DCE6350061E362 /* LingoClashTests.xctest */,
			);
			name = Products;
			sourceTree = "<group>";
		};
		D33282DC27D4D42700C80986 /* LingoClash */ = {
			isa = PBXGroup;
			children = (
				D398780C27DF8C1400B2F4ED /* Extensions */,
				6204A03B27DE34040063100D /* Utilities */,
				D3BD2A1827DF29A00061E362 /* DataProvider */,
				D33282FC27D5258000C80986 /* Model */,
				D3BD2A1427DEE3DE0061E362 /* LoginView */,
				D3BD2A1527DEE3F60061E362 /* SignUpView */,
				6232E41327DDDF4700107B89 /* ViewControllers */,
				D33282F727D4E62F00C80986 /* Resources */,
				D33282DD27D4D42700C80986 /* AppDelegate.swift */,
				D33282DF27D4D42700C80986 /* SceneDelegate.swift */,
				D33282E327D4D42700C80986 /* Main.storyboard */,
				D33282E927D4D42E00C80986 /* Assets.xcassets */,
				D33282EB27D4D42E00C80986 /* LaunchScreen.storyboard */,
				D33282EE27D4D42E00C80986 /* Info.plist */,
				D33282E627D4D42700C80986 /* LingoClash.xcdatamodeld */,
			);
			path = LingoClash;
			sourceTree = "<group>";
		};
		D33282F727D4E62F00C80986 /* Resources */ = {
			isa = PBXGroup;
			children = (
				D33282FA27D4E7BE00C80986 /* SF-Pro.ttf */,
				D33282F827D4E63B00C80986 /* Theme.swift */,
			);
			path = Resources;
			sourceTree = "<group>";
		};
		D33282FC27D5258000C80986 /* Model */ = {
			isa = PBXGroup;
			children = (
				D3F00CB227DFC59500393ADC /* Book.swift */,
				D3F00CB427DFC5DD00393ADC /* BookCategory.swift */,
				D3F00CB627DFC5F200393ADC /* DataManagers */,
			);
			path = Model;
			sourceTree = "<group>";
		};
		D398780C27DF8C1400B2F4ED /* Extensions */ = {
			isa = PBXGroup;
			children = (
				D3F00CAC27DFAF6F00393ADC /* Promise+Extensions.swift */,
			);
			path = Extensions;
			sourceTree = "<group>";
		};
		D3BD29E327DCE6350061E362 /* LingoClashTests */ = {
			isa = PBXGroup;
			children = (
				D3BD29E427DCE6350061E362 /* LingoClashTests.swift */,
			);
			path = LingoClashTests;
			sourceTree = "<group>";
		};
		D3BD2A1427DEE3DE0061E362 /* LoginView */ = {
			isa = PBXGroup;
			children = (
				D3BD2A1027DED82A0061E362 /* LoginViewModel.swift */,
				62C04A1027DDE67F002D2497 /* LoginViewController.swift */,
			);
			path = LoginView;
			sourceTree = "<group>";
		};
		D3BD2A1527DEE3F60061E362 /* SignUpView */ = {
			isa = PBXGroup;
			children = (
				D3BD2A1227DED8320061E362 /* SignUpViewModel.swift */,
				62C04A0E27DDE59E002D2497 /* SignUpViewController.swift */,
			);
			path = SignUpView;
			sourceTree = "<group>";
		};
		D3BD2A1827DF29A00061E362 /* DataProvider */ = {
			isa = PBXGroup;
			children = (
				D3F00CAE27DFC00200393ADC /* DataProviderTypes.swift */,
				D398780827DF6AB800B2F4ED /* DataProvider.swift */,
				D398780A27DF7C1100B2F4ED /* RestProvider.swift */,
			);
			path = DataProvider;
			sourceTree = "<group>";
		};
		D3F00CB627DFC5F200393ADC /* DataManagers */ = {
			isa = PBXGroup;
			children = (
				D3BD2A1627DF28B70061E362 /* BookDataManager.swift */,
			);
			path = DataManagers;
			sourceTree = "<group>";
		};
		FAF94B47CEBBDB83317A7861 /* Pods */ = {
			isa = PBXGroup;
			children = (
				A31D878EA5F06AB7FA1E7CA5 /* Pods-LingoClash.debug.xcconfig */,
				40973093C5286CD8CEEF401C /* Pods-LingoClash.release.xcconfig */,
			);
			path = Pods;
			sourceTree = "<group>";
		};
/* End PBXGroup section */

/* Begin PBXNativeTarget section */
		D33282D927D4D42700C80986 /* LingoClash */ = {
			isa = PBXNativeTarget;
			buildConfigurationList = D33282F127D4D42E00C80986 /* Build configuration list for PBXNativeTarget "LingoClash" */;
			buildPhases = (
				6DE29A0D4F53B0B5562911DF /* [CP] Check Pods Manifest.lock */,
				D33282D627D4D42700C80986 /* Sources */,
				D33282D727D4D42700C80986 /* Frameworks */,
				D33282D827D4D42700C80986 /* Resources */,
				663E9873C8FD86E373E23ABA /* [CP] Embed Pods Frameworks */,
			);
			buildRules = (
			);
			dependencies = (
			);
			name = LingoClash;
			productName = LingoClash;
			productReference = D33282DA27D4D42700C80986 /* LingoClash.app */;
			productType = "com.apple.product-type.application";
		};
		D3BD29E127DCE6350061E362 /* LingoClashTests */ = {
			isa = PBXNativeTarget;
			buildConfigurationList = D3BD29E827DCE6350061E362 /* Build configuration list for PBXNativeTarget "LingoClashTests" */;
			buildPhases = (
				D3BD29DE27DCE6350061E362 /* Sources */,
				D3BD29DF27DCE6350061E362 /* Frameworks */,
				D3BD29E027DCE6350061E362 /* Resources */,
			);
			buildRules = (
			);
			dependencies = (
				D3BD29E727DCE6350061E362 /* PBXTargetDependency */,
			);
			name = LingoClashTests;
			productName = LingoClashTests;
			productReference = D3BD29E227DCE6350061E362 /* LingoClashTests.xctest */;
			productType = "com.apple.product-type.bundle.unit-test";
		};
/* End PBXNativeTarget section */

/* Begin PBXProject section */
		D33282D227D4D42700C80986 /* Project object */ = {
			isa = PBXProject;
			attributes = {
				BuildIndependentTargetsInParallel = 1;
				LastSwiftUpdateCheck = 1320;
				LastUpgradeCheck = 1320;
				TargetAttributes = {
					D33282D927D4D42700C80986 = {
						CreatedOnToolsVersion = 13.2.1;
					};
					D3BD29E127DCE6350061E362 = {
						CreatedOnToolsVersion = 13.2.1;
						TestTargetID = D33282D927D4D42700C80986;
					};
				};
			};
			buildConfigurationList = D33282D527D4D42700C80986 /* Build configuration list for PBXProject "LingoClash" */;
			compatibilityVersion = "Xcode 13.0";
			developmentRegion = en;
			hasScannedForEncodings = 0;
			knownRegions = (
				en,
				Base,
			);
			mainGroup = D33282D127D4D42700C80986;
			productRefGroup = D33282DB27D4D42700C80986 /* Products */;
			projectDirPath = "";
			projectRoot = "";
			targets = (
				D33282D927D4D42700C80986 /* LingoClash */,
				D3BD29E127DCE6350061E362 /* LingoClashTests */,
			);
		};
/* End PBXProject section */

/* Begin PBXResourcesBuildPhase section */
		D33282D827D4D42700C80986 /* Resources */ = {
			isa = PBXResourcesBuildPhase;
			buildActionMask = 2147483647;
			files = (
				D33282ED27D4D42E00C80986 /* LaunchScreen.storyboard in Resources */,
				D33282FB27D4E7BF00C80986 /* SF-Pro.ttf in Resources */,
				D3F94BEB27D63AE000D527F6 /* GoogleService-Info.plist in Resources */,
				D33282EA27D4D42E00C80986 /* Assets.xcassets in Resources */,
				D33282E527D4D42700C80986 /* Main.storyboard in Resources */,
			);
			runOnlyForDeploymentPostprocessing = 0;
		};
		D3BD29E027DCE6350061E362 /* Resources */ = {
			isa = PBXResourcesBuildPhase;
			buildActionMask = 2147483647;
			files = (
			);
			runOnlyForDeploymentPostprocessing = 0;
		};
/* End PBXResourcesBuildPhase section */

/* Begin PBXShellScriptBuildPhase section */
		663E9873C8FD86E373E23ABA /* [CP] Embed Pods Frameworks */ = {
			isa = PBXShellScriptBuildPhase;
			buildActionMask = 2147483647;
			files = (
			);
			inputFileListPaths = (
				"${PODS_ROOT}/Target Support Files/Pods-LingoClash/Pods-LingoClash-frameworks-${CONFIGURATION}-input-files.xcfilelist",
			);
			name = "[CP] Embed Pods Frameworks";
			outputFileListPaths = (
				"${PODS_ROOT}/Target Support Files/Pods-LingoClash/Pods-LingoClash-frameworks-${CONFIGURATION}-output-files.xcfilelist",
			);
			runOnlyForDeploymentPostprocessing = 0;
			shellPath = /bin/sh;
			shellScript = "\"${PODS_ROOT}/Target Support Files/Pods-LingoClash/Pods-LingoClash-frameworks.sh\"\n";
			showEnvVarsInLog = 0;
		};
		6DE29A0D4F53B0B5562911DF /* [CP] Check Pods Manifest.lock */ = {
			isa = PBXShellScriptBuildPhase;
			buildActionMask = 2147483647;
			files = (
			);
			inputFileListPaths = (
			);
			inputPaths = (
				"${PODS_PODFILE_DIR_PATH}/Podfile.lock",
				"${PODS_ROOT}/Manifest.lock",
			);
			name = "[CP] Check Pods Manifest.lock";
			outputFileListPaths = (
			);
			outputPaths = (
				"$(DERIVED_FILE_DIR)/Pods-LingoClash-checkManifestLockResult.txt",
			);
			runOnlyForDeploymentPostprocessing = 0;
			shellPath = /bin/sh;
			shellScript = "diff \"${PODS_PODFILE_DIR_PATH}/Podfile.lock\" \"${PODS_ROOT}/Manifest.lock\" > /dev/null\nif [ $? != 0 ] ; then\n    # print error to STDERR\n    echo \"error: The sandbox is not in sync with the Podfile.lock. Run 'pod install' or update your CocoaPods installation.\" >&2\n    exit 1\nfi\n# This output is used by Xcode 'outputs' to avoid re-running this script phase.\necho \"SUCCESS\" > \"${SCRIPT_OUTPUT_FILE_0}\"\n";
			showEnvVarsInLog = 0;
		};
/* End PBXShellScriptBuildPhase section */

/* Begin PBXSourcesBuildPhase section */
		D33282D627D4D42700C80986 /* Sources */ = {
			isa = PBXSourcesBuildPhase;
			buildActionMask = 2147483647;
			files = (
				D3BD2A1727DF28B70061E362 /* BookDataManager.swift in Sources */,
				D33282E227D4D42700C80986 /* SplashViewController.swift in Sources */,
				D33282DE27D4D42700C80986 /* AppDelegate.swift in Sources */,
				D3F00CAF27DFC00200393ADC /* DataProviderTypes.swift in Sources */,
				62C04A0F27DDE59E002D2497 /* SignUpViewController.swift in Sources */,
				6204A03D27DE41990063100D /* MainTabBarViewController.swift in Sources */,
				D3F00CB527DFC5DD00393ADC /* BookCategory.swift in Sources */,
				62C04A1127DDE67F002D2497 /* LoginViewController.swift in Sources */,
				D3F00CB127DFC04600393ADC /* FetchResponse.swift in Sources */,
				D3F00CB327DFC59500393ADC /* Book.swift in Sources */,
				D33282E027D4D42700C80986 /* SceneDelegate.swift in Sources */,
				D3F00CAB27DFA3E200393ADC /* FetchUtilities.swift in Sources */,
				D3BD2A1127DED82A0061E362 /* LoginViewModel.swift in Sources */,
				D398780B27DF7C1100B2F4ED /* RestProvider.swift in Sources */,
				D3BD2A1327DED8330061E362 /* SignUpViewModel.swift in Sources */,
				6204A04127DE4A500063100D /* ViewUtilities.swift in Sources */,
				6204A03F27DE43350063100D /* ProfileViewController.swift in Sources */,
				6204A03A27DE1CDB0063100D /* Constants.swift in Sources */,
				62C04A1527DDEB10002D2497 /* HomeViewController.swift in Sources */,
				D3F00CAD27DFAF6F00393ADC /* Promise+Extensions.swift in Sources */,
				D398780927DF6AB800B2F4ED /* DataProvider.swift in Sources */,
				62C04A1327DDE838002D2497 /* Utilities.swift in Sources */,
				D33282F927D4E63B00C80986 /* Theme.swift in Sources */,
				D3F00CB827DFD39700393ADC /* Errors.swift in Sources */,
				D33282E827D4D42700C80986 /* LingoClash.xcdatamodeld in Sources */,
			);
			runOnlyForDeploymentPostprocessing = 0;
		};
		D3BD29DE27DCE6350061E362 /* Sources */ = {
			isa = PBXSourcesBuildPhase;
			buildActionMask = 2147483647;
			files = (
				D3BD29E527DCE6350061E362 /* LingoClashTests.swift in Sources */,
			);
			runOnlyForDeploymentPostprocessing = 0;
		};
/* End PBXSourcesBuildPhase section */

/* Begin PBXTargetDependency section */
		D3BD29E727DCE6350061E362 /* PBXTargetDependency */ = {
			isa = PBXTargetDependency;
			target = D33282D927D4D42700C80986 /* LingoClash */;
			targetProxy = D3BD29E627DCE6350061E362 /* PBXContainerItemProxy */;
		};
/* End PBXTargetDependency section */

/* Begin PBXVariantGroup section */
		D33282E327D4D42700C80986 /* Main.storyboard */ = {
			isa = PBXVariantGroup;
			children = (
				D33282E427D4D42700C80986 /* Base */,
			);
			name = Main.storyboard;
			sourceTree = "<group>";
		};
		D33282EB27D4D42E00C80986 /* LaunchScreen.storyboard */ = {
			isa = PBXVariantGroup;
			children = (
				D33282EC27D4D42E00C80986 /* Base */,
			);
			name = LaunchScreen.storyboard;
			sourceTree = "<group>";
		};
/* End PBXVariantGroup section */

/* Begin XCBuildConfiguration section */
		D33282EF27D4D42E00C80986 /* Debug */ = {
			isa = XCBuildConfiguration;
			buildSettings = {
				ALWAYS_SEARCH_USER_PATHS = NO;
				CLANG_ANALYZER_NONNULL = YES;
				CLANG_ANALYZER_NUMBER_OBJECT_CONVERSION = YES_AGGRESSIVE;
				CLANG_CXX_LANGUAGE_STANDARD = "gnu++17";
				CLANG_CXX_LIBRARY = "libc++";
				CLANG_ENABLE_MODULES = YES;
				CLANG_ENABLE_OBJC_ARC = YES;
				CLANG_ENABLE_OBJC_WEAK = YES;
				CLANG_WARN_BLOCK_CAPTURE_AUTORELEASING = YES;
				CLANG_WARN_BOOL_CONVERSION = YES;
				CLANG_WARN_COMMA = YES;
				CLANG_WARN_CONSTANT_CONVERSION = YES;
				CLANG_WARN_DEPRECATED_OBJC_IMPLEMENTATIONS = YES;
				CLANG_WARN_DIRECT_OBJC_ISA_USAGE = YES_ERROR;
				CLANG_WARN_DOCUMENTATION_COMMENTS = YES;
				CLANG_WARN_EMPTY_BODY = YES;
				CLANG_WARN_ENUM_CONVERSION = YES;
				CLANG_WARN_INFINITE_RECURSION = YES;
				CLANG_WARN_INT_CONVERSION = YES;
				CLANG_WARN_NON_LITERAL_NULL_CONVERSION = YES;
				CLANG_WARN_OBJC_IMPLICIT_RETAIN_SELF = YES;
				CLANG_WARN_OBJC_LITERAL_CONVERSION = YES;
				CLANG_WARN_OBJC_ROOT_CLASS = YES_ERROR;
				CLANG_WARN_QUOTED_INCLUDE_IN_FRAMEWORK_HEADER = YES;
				CLANG_WARN_RANGE_LOOP_ANALYSIS = YES;
				CLANG_WARN_STRICT_PROTOTYPES = YES;
				CLANG_WARN_SUSPICIOUS_MOVE = YES;
				CLANG_WARN_UNGUARDED_AVAILABILITY = YES_AGGRESSIVE;
				CLANG_WARN_UNREACHABLE_CODE = YES;
				CLANG_WARN__DUPLICATE_METHOD_MATCH = YES;
				COPY_PHASE_STRIP = NO;
				DEBUG_INFORMATION_FORMAT = dwarf;
				ENABLE_STRICT_OBJC_MSGSEND = YES;
				ENABLE_TESTABILITY = YES;
				GCC_C_LANGUAGE_STANDARD = gnu11;
				GCC_DYNAMIC_NO_PIC = NO;
				GCC_NO_COMMON_BLOCKS = YES;
				GCC_OPTIMIZATION_LEVEL = 0;
				GCC_PREPROCESSOR_DEFINITIONS = (
					"DEBUG=1",
					"$(inherited)",
				);
				GCC_WARN_64_TO_32_BIT_CONVERSION = YES;
				GCC_WARN_ABOUT_RETURN_TYPE = YES_ERROR;
				GCC_WARN_UNDECLARED_SELECTOR = YES;
				GCC_WARN_UNINITIALIZED_AUTOS = YES_AGGRESSIVE;
				GCC_WARN_UNUSED_FUNCTION = YES;
				GCC_WARN_UNUSED_VARIABLE = YES;
				IPHONEOS_DEPLOYMENT_TARGET = 15.2;
				MTL_ENABLE_DEBUG_INFO = INCLUDE_SOURCE;
				MTL_FAST_MATH = YES;
				ONLY_ACTIVE_ARCH = YES;
				SDKROOT = iphoneos;
				SWIFT_ACTIVE_COMPILATION_CONDITIONS = DEBUG;
				SWIFT_OPTIMIZATION_LEVEL = "-Onone";
			};
			name = Debug;
		};
		D33282F027D4D42E00C80986 /* Release */ = {
			isa = XCBuildConfiguration;
			buildSettings = {
				ALWAYS_SEARCH_USER_PATHS = NO;
				CLANG_ANALYZER_NONNULL = YES;
				CLANG_ANALYZER_NUMBER_OBJECT_CONVERSION = YES_AGGRESSIVE;
				CLANG_CXX_LANGUAGE_STANDARD = "gnu++17";
				CLANG_CXX_LIBRARY = "libc++";
				CLANG_ENABLE_MODULES = YES;
				CLANG_ENABLE_OBJC_ARC = YES;
				CLANG_ENABLE_OBJC_WEAK = YES;
				CLANG_WARN_BLOCK_CAPTURE_AUTORELEASING = YES;
				CLANG_WARN_BOOL_CONVERSION = YES;
				CLANG_WARN_COMMA = YES;
				CLANG_WARN_CONSTANT_CONVERSION = YES;
				CLANG_WARN_DEPRECATED_OBJC_IMPLEMENTATIONS = YES;
				CLANG_WARN_DIRECT_OBJC_ISA_USAGE = YES_ERROR;
				CLANG_WARN_DOCUMENTATION_COMMENTS = YES;
				CLANG_WARN_EMPTY_BODY = YES;
				CLANG_WARN_ENUM_CONVERSION = YES;
				CLANG_WARN_INFINITE_RECURSION = YES;
				CLANG_WARN_INT_CONVERSION = YES;
				CLANG_WARN_NON_LITERAL_NULL_CONVERSION = YES;
				CLANG_WARN_OBJC_IMPLICIT_RETAIN_SELF = YES;
				CLANG_WARN_OBJC_LITERAL_CONVERSION = YES;
				CLANG_WARN_OBJC_ROOT_CLASS = YES_ERROR;
				CLANG_WARN_QUOTED_INCLUDE_IN_FRAMEWORK_HEADER = YES;
				CLANG_WARN_RANGE_LOOP_ANALYSIS = YES;
				CLANG_WARN_STRICT_PROTOTYPES = YES;
				CLANG_WARN_SUSPICIOUS_MOVE = YES;
				CLANG_WARN_UNGUARDED_AVAILABILITY = YES_AGGRESSIVE;
				CLANG_WARN_UNREACHABLE_CODE = YES;
				CLANG_WARN__DUPLICATE_METHOD_MATCH = YES;
				COPY_PHASE_STRIP = NO;
				DEBUG_INFORMATION_FORMAT = "dwarf-with-dsym";
				ENABLE_NS_ASSERTIONS = NO;
				ENABLE_STRICT_OBJC_MSGSEND = YES;
				GCC_C_LANGUAGE_STANDARD = gnu11;
				GCC_NO_COMMON_BLOCKS = YES;
				GCC_WARN_64_TO_32_BIT_CONVERSION = YES;
				GCC_WARN_ABOUT_RETURN_TYPE = YES_ERROR;
				GCC_WARN_UNDECLARED_SELECTOR = YES;
				GCC_WARN_UNINITIALIZED_AUTOS = YES_AGGRESSIVE;
				GCC_WARN_UNUSED_FUNCTION = YES;
				GCC_WARN_UNUSED_VARIABLE = YES;
				IPHONEOS_DEPLOYMENT_TARGET = 15.2;
				MTL_ENABLE_DEBUG_INFO = NO;
				MTL_FAST_MATH = YES;
				SDKROOT = iphoneos;
				SWIFT_COMPILATION_MODE = wholemodule;
				SWIFT_OPTIMIZATION_LEVEL = "-O";
				VALIDATE_PRODUCT = YES;
			};
			name = Release;
		};
		D33282F227D4D42E00C80986 /* Debug */ = {
			isa = XCBuildConfiguration;
			baseConfigurationReference = A31D878EA5F06AB7FA1E7CA5 /* Pods-LingoClash.debug.xcconfig */;
			buildSettings = {
				ASSETCATALOG_COMPILER_APPICON_NAME = AppIcon;
				ASSETCATALOG_COMPILER_GLOBAL_ACCENT_COLOR_NAME = AccentColor;
				CODE_SIGN_STYLE = Automatic;
				CURRENT_PROJECT_VERSION = 1;
				DEBUG_ACTIVITY_MODE = "";
				"DEBUG_ACTIVITY_MODE[sdk=iphonesimulator*]" = disable;
				DEVELOPMENT_TEAM = K6AQBYTT24;
				GENERATE_INFOPLIST_FILE = YES;
				INFOPLIST_FILE = LingoClash/Info.plist;
				INFOPLIST_KEY_CFBundleDisplayName = LingoClash;
				INFOPLIST_KEY_UIApplicationSupportsIndirectInputEvents = YES;
				INFOPLIST_KEY_UILaunchStoryboardName = LaunchScreen;
				INFOPLIST_KEY_UIMainStoryboardFile = Main;
				INFOPLIST_KEY_UISupportedInterfaceOrientations = UIInterfaceOrientationPortrait;
				INFOPLIST_KEY_UISupportedInterfaceOrientations_iPad = "UIInterfaceOrientationPortrait UIInterfaceOrientationPortraitUpsideDown UIInterfaceOrientationLandscapeLeft UIInterfaceOrientationLandscapeRight";
				INFOPLIST_KEY_UISupportedInterfaceOrientations_iPhone = "UIInterfaceOrientationPortrait UIInterfaceOrientationLandscapeLeft UIInterfaceOrientationLandscapeRight";
				LD_RUNPATH_SEARCH_PATHS = (
					"$(inherited)",
					"@executable_path/Frameworks",
				);
				MARKETING_VERSION = 1.0;
				PRODUCT_BUNDLE_IDENTIFIER = com.kyletoh.LingoClash;
				PRODUCT_NAME = "$(TARGET_NAME)";
				SWIFT_EMIT_LOC_STRINGS = YES;
				SWIFT_VERSION = 5.0;
				TARGETED_DEVICE_FAMILY = "1,2";
			};
			name = Debug;
		};
		D33282F327D4D42E00C80986 /* Release */ = {
			isa = XCBuildConfiguration;
			baseConfigurationReference = 40973093C5286CD8CEEF401C /* Pods-LingoClash.release.xcconfig */;
			buildSettings = {
				ASSETCATALOG_COMPILER_APPICON_NAME = AppIcon;
				ASSETCATALOG_COMPILER_GLOBAL_ACCENT_COLOR_NAME = AccentColor;
				CODE_SIGN_STYLE = Automatic;
				CURRENT_PROJECT_VERSION = 1;
				DEBUG_ACTIVITY_MODE = "";
				DEVELOPMENT_TEAM = K6AQBYTT24;
				GENERATE_INFOPLIST_FILE = YES;
				INFOPLIST_FILE = LingoClash/Info.plist;
				INFOPLIST_KEY_CFBundleDisplayName = LingoClash;
				INFOPLIST_KEY_UIApplicationSupportsIndirectInputEvents = YES;
				INFOPLIST_KEY_UILaunchStoryboardName = LaunchScreen;
				INFOPLIST_KEY_UIMainStoryboardFile = Main;
				INFOPLIST_KEY_UISupportedInterfaceOrientations = UIInterfaceOrientationPortrait;
				INFOPLIST_KEY_UISupportedInterfaceOrientations_iPad = "UIInterfaceOrientationPortrait UIInterfaceOrientationPortraitUpsideDown UIInterfaceOrientationLandscapeLeft UIInterfaceOrientationLandscapeRight";
				INFOPLIST_KEY_UISupportedInterfaceOrientations_iPhone = "UIInterfaceOrientationPortrait UIInterfaceOrientationLandscapeLeft UIInterfaceOrientationLandscapeRight";
				LD_RUNPATH_SEARCH_PATHS = (
					"$(inherited)",
					"@executable_path/Frameworks",
				);
				MARKETING_VERSION = 1.0;
				PRODUCT_BUNDLE_IDENTIFIER = com.kyletoh.LingoClash;
				PRODUCT_NAME = "$(TARGET_NAME)";
				SWIFT_EMIT_LOC_STRINGS = YES;
				SWIFT_VERSION = 5.0;
				TARGETED_DEVICE_FAMILY = "1,2";
			};
			name = Release;
		};
		D3BD29E927DCE6350061E362 /* Debug */ = {
			isa = XCBuildConfiguration;
			buildSettings = {
				BUNDLE_LOADER = "$(TEST_HOST)";
				CODE_SIGN_STYLE = Automatic;
				CURRENT_PROJECT_VERSION = 1;
				DEVELOPMENT_TEAM = K6AQBYTT24;
				GENERATE_INFOPLIST_FILE = YES;
				MARKETING_VERSION = 1.0;
				PRODUCT_BUNDLE_IDENTIFIER = com.kyletoh.LingoClashTests;
				PRODUCT_NAME = "$(TARGET_NAME)";
				SWIFT_EMIT_LOC_STRINGS = NO;
				SWIFT_VERSION = 5.0;
				TARGETED_DEVICE_FAMILY = "1,2";
				TEST_HOST = "$(BUILT_PRODUCTS_DIR)/LingoClash.app/LingoClash";
			};
			name = Debug;
		};
		D3BD29EA27DCE6350061E362 /* Release */ = {
			isa = XCBuildConfiguration;
			buildSettings = {
				BUNDLE_LOADER = "$(TEST_HOST)";
				CODE_SIGN_STYLE = Automatic;
				CURRENT_PROJECT_VERSION = 1;
				DEVELOPMENT_TEAM = K6AQBYTT24;
				GENERATE_INFOPLIST_FILE = YES;
				MARKETING_VERSION = 1.0;
				PRODUCT_BUNDLE_IDENTIFIER = com.kyletoh.LingoClashTests;
				PRODUCT_NAME = "$(TARGET_NAME)";
				SWIFT_EMIT_LOC_STRINGS = NO;
				SWIFT_VERSION = 5.0;
				TARGETED_DEVICE_FAMILY = "1,2";
				TEST_HOST = "$(BUILT_PRODUCTS_DIR)/LingoClash.app/LingoClash";
			};
			name = Release;
		};
/* End XCBuildConfiguration section */

/* Begin XCConfigurationList section */
		D33282D527D4D42700C80986 /* Build configuration list for PBXProject "LingoClash" */ = {
			isa = XCConfigurationList;
			buildConfigurations = (
				D33282EF27D4D42E00C80986 /* Debug */,
				D33282F027D4D42E00C80986 /* Release */,
			);
			defaultConfigurationIsVisible = 0;
			defaultConfigurationName = Release;
		};
		D33282F127D4D42E00C80986 /* Build configuration list for PBXNativeTarget "LingoClash" */ = {
			isa = XCConfigurationList;
			buildConfigurations = (
				D33282F227D4D42E00C80986 /* Debug */,
				D33282F327D4D42E00C80986 /* Release */,
			);
			defaultConfigurationIsVisible = 0;
			defaultConfigurationName = Release;
		};
		D3BD29E827DCE6350061E362 /* Build configuration list for PBXNativeTarget "LingoClashTests" */ = {
			isa = XCConfigurationList;
			buildConfigurations = (
				D3BD29E927DCE6350061E362 /* Debug */,
				D3BD29EA27DCE6350061E362 /* Release */,
			);
			defaultConfigurationIsVisible = 0;
			defaultConfigurationName = Release;
		};
/* End XCConfigurationList section */

/* Begin XCVersionGroup section */
		D33282E627D4D42700C80986 /* LingoClash.xcdatamodeld */ = {
			isa = XCVersionGroup;
			children = (
				D33282E727D4D42700C80986 /* LingoClash.xcdatamodel */,
			);
			currentVersion = D33282E727D4D42700C80986 /* LingoClash.xcdatamodel */;
			path = LingoClash.xcdatamodeld;
			sourceTree = "<group>";
			versionGroupType = wrapper.xcdatamodel;
		};
/* End XCVersionGroup section */
	};
	rootObject = D33282D227D4D42700C80986 /* Project object */;
}
